
Microsoft Visual Studio Solution File, Format Version 12.00
# Visual Studio 15
VisualStudioVersion = 15.0.27102.0
MinimumVisualStudioVersion = 10.0.40219.1
Project("{FAE04EC0-301F-11D3-BF4B-00C04F79EFBC}") = "JobScheduleSample", "JobScheduleSample\JobScheduleSample.csproj", "{984A033F-6FC3-4F2A-A7FF-D31A14C83321}"
EndProject
Global
	GlobalSection(SolutionConfigurationPlatforms) = preSolution
		Debug|Any CPU = Debug|Any CPU
		Release|Any CPU = Release|Any CPU
	EndGlobalSection
	GlobalSection(ProjectConfigurationPlatforms) = postSolution
		{984A033F-6FC3-4F2A-A7FF-D31A14C83321}.Debug|Any CPU.ActiveCfg = Debug|Any CPU
		{984A033F-6FC3-4F2A-A7FF-D31A14C83321}.Debug|Any CPU.Build.0 = Debug|Any CPU
		{984A033F-6FC3-4F2A-A7FF-D31A14C83321}.Debug|Any CPU.Deploy.0 = Debug|Any CPU
		{984A033F-6FC3-4F2A-A7FF-D31A14C83321}.Release|Any CPU.ActiveCfg = Release|Any CPU
		{984A033F-6FC3-4F2A-A7FF-D31A14C83321}.Release|Any CPU.Build.0 = Release|Any CPU
		{984A033F-6FC3-4F2A-A7FF-D31A14C83321}.Release|Any CPU.Deploy.0 = Release|Any CPU
	EndGlobalSection
	GlobalSection(SolutionProperties) = preSolution
		HideSolutionNode = FALSE
	EndGlobalSection
	GlobalSection(ExtensibilityGlobals) = postSolution
		SolutionGuid = {5E924CAF-E586-43A4-B6EE-C2534B55CEA8}
	EndGlobalSection
EndGlobal
